
Microsoft Visual Studio Solution File, Format Version 12.00
# Visual Studio 2013
VisualStudioVersion = 12.0.30723.0
MinimumVisualStudioVersion = 10.0.40219.1
Project("{2150E333-8FDC-42A3-9474-1A3956D46DE8}") = "Negocio", "Negocio", "{A902A575-64C5-4C9E-A735-E3984F23B91E}"
EndProject
Project("{2150E333-8FDC-42A3-9474-1A3956D46DE8}") = "Cliente", "Cliente", "{2D78FC4E-25F2-4765-BD38-3B496F89A1BC}"
EndProject
Project("{2150E333-8FDC-42A3-9474-1A3956D46DE8}") = "Datos", "Datos", "{4699E38A-1FF4-4F42-9912-ED048612FE04}"
EndProject
Project("{2150E333-8FDC-42A3-9474-1A3956D46DE8}") = ".nuget", ".nuget", "{9AFCE98B-B1E0-4C44-8765-DA8878805430}"
	ProjectSection(SolutionItems) = preProject
		.nuget\NuGet.Config = .nuget\NuGet.Config
		.nuget\NuGet.exe = .nuget\NuGet.exe
		.nuget\NuGet.targets = .nuget\NuGet.targets
	EndProjectSection
EndProject
Project("{FAE04EC0-301F-11D3-BF4B-00C04F79EFBC}") = "UPC.CruzDelSur.Datos.Contratos", "Datos\UPC.CruzDelSur.Datos.Contratos\UPC.CruzDelSur.Datos.Contratos.csproj", "{326BE282-100A-4EF5-8F08-305251EA602F}"
EndProject
Project("{FAE04EC0-301F-11D3-BF4B-00C04F79EFBC}") = "UPC.CruzDelSur.Negocio.Logica", "Negocio\UPC.CruzDelSur.Negocio.Logica\UPC.CruzDelSur.Negocio.Logica.csproj", "{7D86A8FC-E12C-4F00-933E-F6AD00C97321}"
EndProject
Project("{FAE04EC0-301F-11D3-BF4B-00C04F79EFBC}") = "UPC.CruzDelSur.Negocio.Modelo", "Negocio\UPC.CruzDelSur.Negocio.Modelo\UPC.CruzDelSur.Negocio.Modelo.csproj", "{D87A4EA8-5BFA-40F6-A6E8-4B9760F4257A}"
EndProject
Project("{FAE04EC0-301F-11D3-BF4B-00C04F79EFBC}") = "UPC.CruzDelSur.Datos.DAO", "Datos\UPC.CruzDelSur.Datos.DAO\UPC.CruzDelSur.Datos.DAO.csproj", "{60644188-38C3-4214-9D25-7E4D29A0F422}"
EndProject
Project("{FAE04EC0-301F-11D3-BF4B-00C04F79EFBC}") = "UPC.CruzDelSur.Cliente.MVC", "Cliente\UPC.CruzDelSur.Cliente.MVC\UPC.CruzDelSur.Cliente.MVC.csproj", "{7824A587-F5D7-47CF-9996-B1A3EC503D85}"
	ProjectSection(ProjectDependencies) = postProject
		{326BE282-100A-4EF5-8F08-305251EA602F} = {326BE282-100A-4EF5-8F08-305251EA602F}
		{60644188-38C3-4214-9D25-7E4D29A0F422} = {60644188-38C3-4214-9D25-7E4D29A0F422}
		{D87A4EA8-5BFA-40F6-A6E8-4B9760F4257A} = {D87A4EA8-5BFA-40F6-A6E8-4B9760F4257A}
		{7D86A8FC-E12C-4F00-933E-F6AD00C97321} = {7D86A8FC-E12C-4F00-933E-F6AD00C97321}
	EndProjectSection
EndProject
Project("{FAE04EC0-301F-11D3-BF4B-00C04F79EFBC}") = "UPC.CruzDelSur.Negocio.Modelo.Personal", "Negocio\UPC.CruzDelSur.Negocio.Modelo.Personal\UPC.CruzDelSur.Negocio.Modelo.Personal.csproj", "{EE618541-580D-4D72-A111-D7D4FAB503C1}"
EndProject
Project("{FAE04EC0-301F-11D3-BF4B-00C04F79EFBC}") = "UPC.CruzDelSur.Datos.Personal", "Datos\UPC.CruzDelSur.Datos.Personal\UPC.CruzDelSur.Datos.Personal.csproj", "{92E1A79D-84B0-41D1-B5C6-5583FD688238}"
EndProject
Project("{FAE04EC0-301F-11D3-BF4B-00C04F79EFBC}") = "UPC.CruzDelSur.Cliente.Personal", "Cliente\UPC.CruzDelSur.Cliente.Personal\UPC.CruzDelSur.Cliente.Personal.csproj", "{5C474916-C5D4-41FB-BC2E-18E5DE3A3C84}"
EndProject
Global
	GlobalSection(SolutionConfigurationPlatforms) = preSolution
		Debug|Any CPU = Debug|Any CPU
		Release|Any CPU = Release|Any CPU
	EndGlobalSection
	GlobalSection(ProjectConfigurationPlatforms) = postSolution
		{326BE282-100A-4EF5-8F08-305251EA602F}.Debug|Any CPU.ActiveCfg = Debug|Any CPU
		{326BE282-100A-4EF5-8F08-305251EA602F}.Debug|Any CPU.Build.0 = Debug|Any CPU
		{326BE282-100A-4EF5-8F08-305251EA602F}.Release|Any CPU.ActiveCfg = Release|Any CPU
		{326BE282-100A-4EF5-8F08-305251EA602F}.Release|Any CPU.Build.0 = Release|Any CPU
		{7D86A8FC-E12C-4F00-933E-F6AD00C97321}.Debug|Any CPU.ActiveCfg = Debug|Any CPU
		{7D86A8FC-E12C-4F00-933E-F6AD00C97321}.Debug|Any CPU.Build.0 = Debug|Any CPU
		{7D86A8FC-E12C-4F00-933E-F6AD00C97321}.Release|Any CPU.ActiveCfg = Release|Any CPU
		{7D86A8FC-E12C-4F00-933E-F6AD00C97321}.Release|Any CPU.Build.0 = Release|Any CPU
		{D87A4EA8-5BFA-40F6-A6E8-4B9760F4257A}.Debug|Any CPU.ActiveCfg = Debug|Any CPU
		{D87A4EA8-5BFA-40F6-A6E8-4B9760F4257A}.Debug|Any CPU.Build.0 = Debug|Any CPU
		{D87A4EA8-5BFA-40F6-A6E8-4B9760F4257A}.Release|Any CPU.ActiveCfg = Release|Any CPU
		{D87A4EA8-5BFA-40F6-A6E8-4B9760F4257A}.Release|Any CPU.Build.0 = Release|Any CPU
		{60644188-38C3-4214-9D25-7E4D29A0F422}.Debug|Any CPU.ActiveCfg = Debug|Any CPU
		{60644188-38C3-4214-9D25-7E4D29A0F422}.Debug|Any CPU.Build.0 = Debug|Any CPU
		{60644188-38C3-4214-9D25-7E4D29A0F422}.Release|Any CPU.ActiveCfg = Release|Any CPU
		{60644188-38C3-4214-9D25-7E4D29A0F422}.Release|Any CPU.Build.0 = Release|Any CPU
		{7824A587-F5D7-47CF-9996-B1A3EC503D85}.Debug|Any CPU.ActiveCfg = Debug|Any CPU
		{7824A587-F5D7-47CF-9996-B1A3EC503D85}.Debug|Any CPU.Build.0 = Debug|Any CPU
		{7824A587-F5D7-47CF-9996-B1A3EC503D85}.Release|Any CPU.ActiveCfg = Release|Any CPU
		{7824A587-F5D7-47CF-9996-B1A3EC503D85}.Release|Any CPU.Build.0 = Release|Any CPU
		{EE618541-580D-4D72-A111-D7D4FAB503C1}.Debug|Any CPU.ActiveCfg = Debug|Any CPU
		{EE618541-580D-4D72-A111-D7D4FAB503C1}.Debug|Any CPU.Build.0 = Debug|Any CPU
		{EE618541-580D-4D72-A111-D7D4FAB503C1}.Release|Any CPU.ActiveCfg = Release|Any CPU
		{EE618541-580D-4D72-A111-D7D4FAB503C1}.Release|Any CPU.Build.0 = Release|Any CPU
		{92E1A79D-84B0-41D1-B5C6-5583FD688238}.Debug|Any CPU.ActiveCfg = Debug|Any CPU
		{92E1A79D-84B0-41D1-B5C6-5583FD688238}.Debug|Any CPU.Build.0 = Debug|Any CPU
		{92E1A79D-84B0-41D1-B5C6-5583FD688238}.Release|Any CPU.ActiveCfg = Release|Any CPU
		{92E1A79D-84B0-41D1-B5C6-5583FD688238}.Release|Any CPU.Build.0 = Release|Any CPU
		{5C474916-C5D4-41FB-BC2E-18E5DE3A3C84}.Debug|Any CPU.ActiveCfg = Debug|Any CPU
		{5C474916-C5D4-41FB-BC2E-18E5DE3A3C84}.Debug|Any CPU.Build.0 = Debug|Any CPU
		{5C474916-C5D4-41FB-BC2E-18E5DE3A3C84}.Release|Any CPU.ActiveCfg = Release|Any CPU
		{5C474916-C5D4-41FB-BC2E-18E5DE3A3C84}.Release|Any CPU.Build.0 = Release|Any CPU
	EndGlobalSection
	GlobalSection(SolutionProperties) = preSolution
		HideSolutionNode = FALSE
	EndGlobalSection
	GlobalSection(NestedProjects) = preSolution
		{326BE282-100A-4EF5-8F08-305251EA602F} = {4699E38A-1FF4-4F42-9912-ED048612FE04}
		{7D86A8FC-E12C-4F00-933E-F6AD00C97321} = {A902A575-64C5-4C9E-A735-E3984F23B91E}
		{D87A4EA8-5BFA-40F6-A6E8-4B9760F4257A} = {A902A575-64C5-4C9E-A735-E3984F23B91E}
		{60644188-38C3-4214-9D25-7E4D29A0F422} = {4699E38A-1FF4-4F42-9912-ED048612FE04}
		{7824A587-F5D7-47CF-9996-B1A3EC503D85} = {2D78FC4E-25F2-4765-BD38-3B496F89A1BC}
		{EE618541-580D-4D72-A111-D7D4FAB503C1} = {A902A575-64C5-4C9E-A735-E3984F23B91E}
		{92E1A79D-84B0-41D1-B5C6-5583FD688238} = {4699E38A-1FF4-4F42-9912-ED048612FE04}
		{5C474916-C5D4-41FB-BC2E-18E5DE3A3C84} = {2D78FC4E-25F2-4765-BD38-3B496F89A1BC}
	EndGlobalSection
EndGlobal
